// !$*UTF8*$!
{
	archiveVersion = 1;
	classes = {
	};
	objectVersion = 46;
	objects = {

/* Begin PBXBuildFile section */
		043AEA4F1D341FFC00E4BE16 /* Main.storyboard in Resources */ = {isa = PBXBuildFile; fileRef = 043AEA4E1D341FFC00E4BE16 /* Main.storyboard */; };
		0497D2591D32D3BA00396EAD /* Engine.swift in Sources */ = {isa = PBXBuildFile; fileRef = 0497D2581D32D3BA00396EAD /* Engine.swift */; };
		04E075B91D3067B60072BC65 /* AppDelegate.swift in Sources */ = {isa = PBXBuildFile; fileRef = 04E075B81D3067B60072BC65 /* AppDelegate.swift */; };
		04E075BB1D3067B60072BC65 /* ViewController.swift in Sources */ = {isa = PBXBuildFile; fileRef = 04E075BA1D3067B60072BC65 /* ViewController.swift */; };
		04E075C01D3067B60072BC65 /* Assets.xcassets in Resources */ = {isa = PBXBuildFile; fileRef = 04E075BF1D3067B60072BC65 /* Assets.xcassets */; };
		04E075C31D3067B60072BC65 /* LaunchScreen.storyboard in Resources */ = {isa = PBXBuildFile; fileRef = 04E075C11D3067B60072BC65 /* LaunchScreen.storyboard */; };
		04E075CB1D3067D40072BC65 /* GridView.swift in Sources */ = {isa = PBXBuildFile; fileRef = 04E075CA1D3067D40072BC65 /* GridView.swift */; };
/* End PBXBuildFile section */

/* Begin PBXFileReference section */
		043AEA4E1D341FFC00E4BE16 /* Main.storyboard */ = {isa = PBXFileReference; fileEncoding = 4; lastKnownFileType = file.storyboard; path = Main.storyboard; sourceTree = "<group>"; };
		0497D2581D32D3BA00396EAD /* Engine.swift */ = {isa = PBXFileReference; fileEncoding = 4; lastKnownFileType = sourcecode.swift; path = Engine.swift; sourceTree = "<group>"; };
		04E075B51D3067B60072BC65 /* Assignment3.app */ = {isa = PBXFileReference; explicitFileType = wrapper.application; includeInIndex = 0; path = Assignment3.app; sourceTree = BUILT_PRODUCTS_DIR; };
		04E075B81D3067B60072BC65 /* AppDelegate.swift */ = {isa = PBXFileReference; lastKnownFileType = sourcecode.swift; path = AppDelegate.swift; sourceTree = "<group>"; };
		04E075BA1D3067B60072BC65 /* ViewController.swift */ = {isa = PBXFileReference; lastKnownFileType = sourcecode.swift; path = ViewController.swift; sourceTree = "<group>"; };
		04E075BF1D3067B60072BC65 /* Assets.xcassets */ = {isa = PBXFileReference; lastKnownFileType = folder.assetcatalog; path = Assets.xcassets; sourceTree = "<group>"; };
		04E075C21D3067B60072BC65 /* Base */ = {isa = PBXFileReference; lastKnownFileType = file.storyboard; name = Base; path = Base.lproj/LaunchScreen.storyboard; sourceTree = "<group>"; };
		04E075C41D3067B60072BC65 /* Info.plist */ = {isa = PBXFileReference; lastKnownFileType = text.plist.xml; path = Info.plist; sourceTree = "<group>"; };
		04E075CA1D3067D40072BC65 /* GridView.swift */ = {isa = PBXFileReference; fileEncoding = 4; lastKnownFileType = sourcecode.swift; path = GridView.swift; sourceTree = "<group>"; };
/* End PBXFileReference section */

/* Begin PBXFrameworksBuildPhase section */
		04E075B21D3067B60072BC65 /* Frameworks */ = {
			isa = PBXFrameworksBuildPhase;
			buildActionMask = 2147483647;
			files = (
			);
			runOnlyForDeploymentPostprocessing = 0;
		};
/* End PBXFrameworksBuildPhase section */

/* Begin PBXGroup section */
		04E075AC1D3067B60072BC65 = {
			isa = PBXGroup;
			children = (
				04E075B71D3067B60072BC65 /* Assignment3 */,
				04E075B61D3067B60072BC65 /* Products */,
			);
			sourceTree = "<group>";
		};
		04E075B61D3067B60072BC65 /* Products */ = {
			isa = PBXGroup;
			children = (
				04E075B51D3067B60072BC65 /* Assignment3.app */,
			);
			name = Products;
			sourceTree = "<group>";
		};
		04E075B71D3067B60072BC65 /* Assignment3 */ = {
			isa = PBXGroup;
			children = (
				0497D2581D32D3BA00396EAD /* Engine.swift */,
				04E075B81D3067B60072BC65 /* AppDelegate.swift */,
				04E075BA1D3067B60072BC65 /* ViewController.swift */,
				04E075CA1D3067D40072BC65 /* GridView.swift */,
				04E075BF1D3067B60072BC65 /* Assets.xcassets */,
				043AEA4E1D341FFC00E4BE16 /* Main.storyboard */,
				04E075C11D3067B60072BC65 /* LaunchScreen.storyboard */,
				04E075C41D3067B60072BC65 /* Info.plist */,
			);
			name = Assignment3;
			path = Assignment3a;
			sourceTree = "<group>";
		};
/* End PBXGroup section */

/* Begin PBXNativeTarget section */
		04E075B41D3067B60072BC65 /* Assignment3 */ = {
			isa = PBXNativeTarget;
			buildConfigurationList = 04E075C71D3067B60072BC65 /* Build configuration list for PBXNativeTarget "Assignment3" */;
			buildPhases = (
				04E075B11D3067B60072BC65 /* Sources */,
				04E075B21D3067B60072BC65 /* Frameworks */,
				04E075B31D3067B60072BC65 /* Resources */,
			);
			buildRules = (
			);
			dependencies = (
			);
			name = Assignment3;
			productName = Assignment3a;
			productReference = 04E075B51D3067B60072BC65 /* Assignment3.app */;
			productType = "com.apple.product-type.application";
		};
/* End PBXNativeTarget section */

/* Begin PBXProject section */
		04E075AD1D3067B60072BC65 /* Project object */ = {
			isa = PBXProject;
			attributes = {
				LastSwiftUpdateCheck = 0730;
				LastUpgradeCheck = 0730;
				ORGANIZATIONNAME = "Jamil Afza";
				TargetAttributes = {
					04E075B41D3067B60072BC65 = {
						CreatedOnToolsVersion = 7.3.1;
					};
				};
			};
			buildConfigurationList = 04E075B01D3067B60072BC65 /* Build configuration list for PBXProject "Assignment3" */;
			compatibilityVersion = "Xcode 3.2";
			developmentRegion = English;
			hasScannedForEncodings = 0;
			knownRegions = (
				en,
				Base,
			);
			mainGroup = 04E075AC1D3067B60072BC65;
			productRefGroup = 04E075B61D3067B60072BC65 /* Products */;
			projectDirPath = "";
			projectRoot = "";
			targets = (
				04E075B41D3067B60072BC65 /* Assignment3 */,
			);
		};
/* End PBXProject section */

/* Begin PBXResourcesBuildPhase section */
		04E075B31D3067B60072BC65 /* Resources */ = {
			isa = PBXResourcesBuildPhase;
			buildActionMask = 2147483647;
			files = (
				043AEA4F1D341FFC00E4BE16 /* Main.storyboard in Resources */,
				04E075C31D3067B60072BC65 /* LaunchScreen.storyboard in Resources */,
				04E075C01D3067B60072BC65 /* Assets.xcassets in Resources */,
			);
			runOnlyForDeploymentPostprocessing = 0;
		};
/* End PBXResourcesBuildPhase section */

/* Begin PBXSourcesBuildPhase section */
		04E075B11D3067B60072BC65 /* Sources */ = {
			isa = PBXSourcesBuildPhase;
			buildActionMask = 2147483647;
			files = (
				04E075BB1D3067B60072BC65 /* ViewController.swift in Sources */,
				0497D2591D32D3BA00396EAD /* Engine.swift in Sources */,
				04E075CB1D3067D40072BC65 /* GridView.swift in Sources */,
				04E075B91D3067B60072BC65 /* AppDelegate.swift in Sources */,
			);
			runOnlyForDeploymentPostprocessing = 0;
		};
/* End PBXSourcesBuildPhase section */

/* Begin PBXVariantGroup section */
		04E075C11D3067B60072BC65 /* LaunchScreen.storyboard */ = {
			isa = PBXVariantGroup;
			children = (
				04E075C21D3067B60072BC65 /* Base */,
			);
			name = LaunchScreen.storyboard;
			sourceTree = "<group>";
		};
/* End PBXVariantGroup section */

/* Begin XCBuildConfiguration section */
		04E075C51D3067B60072BC65 /* Debug */ = {
			isa = XCBuildConfiguration;
			buildSettings = {
				ALWAYS_SEARCH_USER_PATHS = NO;
				CLANG_ANALYZER_NONNULL = YES;
				CLANG_CXX_LANGUAGE_STANDARD = "gnu++0x";
				CLANG_CXX_LIBRARY = "libc++";
				CLANG_ENABLE_MODULES = YES;
				CLANG_ENABLE_OBJC_ARC = YES;
				CLANG_WARN_BOOL_CONVERSION = YES;
				CLANG_WARN_CONSTANT_CONVERSION = YES;
				CLANG_WARN_DIRECT_OBJC_ISA_USAGE = YES_ERROR;
				CLANG_WARN_EMPTY_BODY = YES;
				CLANG_WARN_ENUM_CONVERSION = YES;
				CLANG_WARN_INT_CONVERSION = YES;
				CLANG_WARN_OBJC_ROOT_CLASS = YES_ERROR;
				CLANG_WARN_UNREACHABLE_CODE = YES;
				CLANG_WARN__DUPLICATE_METHOD_MATCH = YES;
				"CODE_SIGN_IDENTITY[sdk=iphoneos*]" = "iPhone Developer";
				COPY_PHASE_STRIP = NO;
				DEBUG_INFORMATION_FORMAT = dwarf;
				ENABLE_STRICT_OBJC_MSGSEND = YES;
				ENABLE_TESTABILITY = YES;
				GCC_C_LANGUAGE_STANDARD = gnu99;
				GCC_DYNAMIC_NO_PIC = NO;
				GCC_NO_COMMON_BLOCKS = YES;
				GCC_OPTIMIZATION_LEVEL = 0;
				GCC_PREPROCESSOR_DEFINITIONS = (
					"DEBUG=1",
					"$(inherited)",
				);
				GCC_WARN_64_TO_32_BIT_CONVERSION = YES;
				GCC_WARN_ABOUT_RETURN_TYPE = YES_ERROR;
				GCC_WARN_UNDECLARED_SELECTOR = YES;
				GCC_WARN_UNINITIALIZED_AUTOS = YES_AGGRESSIVE;
				GCC_WARN_UNUSED_FUNCTION = YES;
				GCC_WARN_UNUSED_VARIABLE = YES;
				IPHONEOS_DEPLOYMENT_TARGET = 9.3;
				MTL_ENABLE_DEBUG_INFO = YES;
				ONLY_ACTIVE_ARCH = YES;
				SDKROOT = iphoneos;
				SWIFT_OPTIMIZATION_LEVEL = "-Onone";
				TARGETED_DEVICE_FAMILY = "1,2";
			};
			name = Debug;
		};
		04E075C61D3067B60072BC65 /* Release */ = {
			isa = XCBuildConfiguration;
			buildSettings = {
				ALWAYS_SEARCH_USER_PATHS = NO;
				CLANG_ANALYZER_NONNULL = YES;
				CLANG_CXX_LANGUAGE_STANDARD = "gnu++0x";
				CLANG_CXX_LIBRARY = "libc++";
				CLANG_ENABLE_MODULES = YES;
				CLANG_ENABLE_OBJC_ARC = YES;
				CLANG_WARN_BOOL_CONVERSION = YES;
				CLANG_WARN_CONSTANT_CONVERSION = YES;
				CLANG_WARN_DIRECT_OBJC_ISA_USAGE = YES_ERROR;
				CLANG_WARN_EMPTY_BODY = YES;
				CLANG_WARN_ENUM_CONVERSION = YES;
				CLANG_WARN_INT_CONVERSION = YES;
				CLANG_WARN_OBJC_ROOT_CLASS = YES_ERROR;
				CLANG_WARN_UNREACHABLE_CODE = YES;
				CLANG_WARN__DUPLICATE_METHOD_MATCH = YES;
				"CODE_SIGN_IDENTITY[sdk=iphoneos*]" = "iPhone Developer";
				COPY_PHASE_STRIP = NO;
				DEBUG_INFORMATION_FORMAT = "dwarf-with-dsym";
				ENABLE_NS_ASSERTIONS = NO;
				ENABLE_STRICT_OBJC_MSGSEND = YES;
				GCC_C_LANGUAGE_STANDARD = gnu99;
				GCC_NO_COMMON_BLOCKS = YES;
				GCC_WARN_64_TO_32_BIT_CONVERSION = YES;
				GCC_WARN_ABOUT_RETURN_TYPE = YES_ERROR;
				GCC_WARN_UNDECLARED_SELECTOR = YES;
				GCC_WARN_UNINITIALIZED_AUTOS = YES_AGGRESSIVE;
				GCC_WARN_UNUSED_FUNCTION = YES;
				GCC_WARN_UNUSED_VARIABLE = YES;
				IPHONEOS_DEPLOYMENT_TARGET = 9.3;
				MTL_ENABLE_DEBUG_INFO = NO;
				SDKROOT = iphoneos;
				TARGETED_DEVICE_FAMILY = "1,2";
				VALIDATE_PRODUCT = YES;
			};
			name = Release;
		};
		04E075C81D3067B60072BC65 /* Debug */ = {
			isa = XCBuildConfiguration;
			buildSettings = {
				ASSETCATALOG_COMPILER_APPICON_NAME = AppIcon;
				INFOPLIST_FILE = Assignment3a/Info.plist;
				LD_RUNPATH_SEARCH_PATHS = "$(inherited) @executable_path/Frameworks";
				PRODUCT_BUNDLE_IDENTIFIER = com.jamilafza.Assignment3a;
				PRODUCT_NAME = Assignment3;
			};
			name = Debug;
		};
		04E075C91D3067B60072BC65 /* Release */ = {
			isa = XCBuildConfiguration;
			buildSettings = {
				ASSETCATALOG_COMPILER_APPICON_NAME = AppIcon;
				INFOPLIST_FILE = Assignment3a/Info.plist;
				LD_RUNPATH_SEARCH_PATHS = "$(inherited) @executable_path/Frameworks";
				PRODUCT_BUNDLE_IDENTIFIER = com.jamilafza.Assignment3a;
				PRODUCT_NAME = Assignment3;
			};
			name = Release;
		};
/* End XCBuildConfiguration section */

/* Begin XCConfigurationList section */
		04E075B01D3067B60072BC65 /* Build configuration list for PBXProject "Assignment3" */ = {
			isa = XCConfigurationList;
			buildConfigurations = (
				04E075C51D3067B60072BC65 /* Debug */,
				04E075C61D3067B60072BC65 /* Release */,
			);
			defaultConfigurationIsVisible = 0;
			defaultConfigurationName = Release;
		};
		04E075C71D3067B60072BC65 /* Build configuration list for PBXNativeTarget "Assignment3" */ = {
			isa = XCConfigurationList;
			buildConfigurations = (
				04E075C81D3067B60072BC65 /* Debug */,
				04E075C91D3067B60072BC65 /* Release */,
			);
			defaultConfigurationIsVisible = 0;
			defaultConfigurationName = Release;
		};
/* End XCConfigurationList section */
	};
	rootObject = 04E075AD1D3067B60072BC65 /* Project object */;
}
