// !$*UTF8*$!
{
	archiveVersion = 1;
	classes = {
	};
	objectVersion = 46;
	objects = {

/* Begin PBXBuildFile section */
		045A054E1D46A41F006614D7 /* AppDelegate.swift in Sources */ = {isa = PBXBuildFile; fileRef = 045A054D1D46A41F006614D7 /* AppDelegate.swift */; };
		045A05501D46A41F006614D7 /* ViewController.swift in Sources */ = {isa = PBXBuildFile; fileRef = 045A054F1D46A41F006614D7 /* ViewController.swift */; };
		045A05531D46A41F006614D7 /* Main.storyboard in Resources */ = {isa = PBXBuildFile; fileRef = 045A05511D46A41F006614D7 /* Main.storyboard */; };
		045A05551D46A41F006614D7 /* Assets.xcassets in Resources */ = {isa = PBXBuildFile; fileRef = 045A05541D46A41F006614D7 /* Assets.xcassets */; };
		045A05581D46A41F006614D7 /* LaunchScreen.storyboard in Resources */ = {isa = PBXBuildFile; fileRef = 045A05561D46A41F006614D7 /* LaunchScreen.storyboard */; };
		045A05601D46A574006614D7 /* Fetcher.swift in Sources */ = {isa = PBXBuildFile; fileRef = 045A055F1D46A574006614D7 /* Fetcher.swift */; };
/* End PBXBuildFile section */

/* Begin PBXFileReference section */
		045A054A1D46A41F006614D7 /* Lecture10.app */ = {isa = PBXFileReference; explicitFileType = wrapper.application; includeInIndex = 0; path = Lecture10.app; sourceTree = BUILT_PRODUCTS_DIR; };
		045A054D1D46A41F006614D7 /* AppDelegate.swift */ = {isa = PBXFileReference; lastKnownFileType = sourcecode.swift; path = AppDelegate.swift; sourceTree = "<group>"; };
		045A054F1D46A41F006614D7 /* ViewController.swift */ = {isa = PBXFileReference; lastKnownFileType = sourcecode.swift; path = ViewController.swift; sourceTree = "<group>"; };
		045A05521D46A41F006614D7 /* Base */ = {isa = PBXFileReference; lastKnownFileType = file.storyboard; name = Base; path = Base.lproj/Main.storyboard; sourceTree = "<group>"; };
		045A05541D46A41F006614D7 /* Assets.xcassets */ = {isa = PBXFileReference; lastKnownFileType = folder.assetcatalog; path = Assets.xcassets; sourceTree = "<group>"; };
		045A05571D46A41F006614D7 /* Base */ = {isa = PBXFileReference; lastKnownFileType = file.storyboard; name = Base; path = Base.lproj/LaunchScreen.storyboard; sourceTree = "<group>"; };
		045A05591D46A41F006614D7 /* Info.plist */ = {isa = PBXFileReference; lastKnownFileType = text.plist.xml; path = Info.plist; sourceTree = "<group>"; };
		045A055F1D46A574006614D7 /* Fetcher.swift */ = {isa = PBXFileReference; fileEncoding = 4; lastKnownFileType = sourcecode.swift; path = Fetcher.swift; sourceTree = "<group>"; };
/* End PBXFileReference section */

/* Begin PBXFrameworksBuildPhase section */
		045A05471D46A41F006614D7 /* Frameworks */ = {
			isa = PBXFrameworksBuildPhase;
			buildActionMask = 2147483647;
			files = (
			);
			runOnlyForDeploymentPostprocessing = 0;
		};
/* End PBXFrameworksBuildPhase section */

/* Begin PBXGroup section */
		045A05411D46A41F006614D7 = {
			isa = PBXGroup;
			children = (
				045A054C1D46A41F006614D7 /* Lecture10 */,
				045A054B1D46A41F006614D7 /* Products */,
			);
			sourceTree = "<group>";
		};
		045A054B1D46A41F006614D7 /* Products */ = {
			isa = PBXGroup;
			children = (
				045A054A1D46A41F006614D7 /* Lecture10.app */,
			);
			name = Products;
			sourceTree = "<group>";
		};
		045A054C1D46A41F006614D7 /* Lecture10 */ = {
			isa = PBXGroup;
			children = (
				045A054D1D46A41F006614D7 /* AppDelegate.swift */,
				045A054F1D46A41F006614D7 /* ViewController.swift */,
				045A05511D46A41F006614D7 /* Main.storyboard */,
				045A055F1D46A574006614D7 /* Fetcher.swift */,
				045A05541D46A41F006614D7 /* Assets.xcassets */,
				045A05561D46A41F006614D7 /* LaunchScreen.storyboard */,
				045A05591D46A41F006614D7 /* Info.plist */,
			);
			path = Lecture10;
			sourceTree = "<group>";
		};
/* End PBXGroup section */

/* Begin PBXNativeTarget section */
		045A05491D46A41F006614D7 /* Lecture10 */ = {
			isa = PBXNativeTarget;
			buildConfigurationList = 045A055C1D46A41F006614D7 /* Build configuration list for PBXNativeTarget "Lecture10" */;
			buildPhases = (
				045A05461D46A41F006614D7 /* Sources */,
				045A05471D46A41F006614D7 /* Frameworks */,
				045A05481D46A41F006614D7 /* Resources */,
			);
			buildRules = (
			);
			dependencies = (
			);
			name = Lecture10;
			productName = Lecture10;
			productReference = 045A054A1D46A41F006614D7 /* Lecture10.app */;
			productType = "com.apple.product-type.application";
		};
/* End PBXNativeTarget section */

/* Begin PBXProject section */
		045A05421D46A41F006614D7 /* Project object */ = {
			isa = PBXProject;
			attributes = {
				LastSwiftUpdateCheck = 0730;
				LastUpgradeCheck = 0730;
				ORGANIZATIONNAME = "Jamil Afza";
				TargetAttributes = {
					045A05491D46A41F006614D7 = {
						CreatedOnToolsVersion = 7.3.1;
					};
				};
			};
			buildConfigurationList = 045A05451D46A41F006614D7 /* Build configuration list for PBXProject "Lecture10" */;
			compatibilityVersion = "Xcode 3.2";
			developmentRegion = English;
			hasScannedForEncodings = 0;
			knownRegions = (
				en,
				Base,
			);
			mainGroup = 045A05411D46A41F006614D7;
			productRefGroup = 045A054B1D46A41F006614D7 /* Products */;
			projectDirPath = "";
			projectRoot = "";
			targets = (
				045A05491D46A41F006614D7 /* Lecture10 */,
			);
		};
/* End PBXProject section */

/* Begin PBXResourcesBuildPhase section */
		045A05481D46A41F006614D7 /* Resources */ = {
			isa = PBXResourcesBuildPhase;
			buildActionMask = 2147483647;
			files = (
				045A05581D46A41F006614D7 /* LaunchScreen.storyboard in Resources */,
				045A05551D46A41F006614D7 /* Assets.xcassets in Resources */,
				045A05531D46A41F006614D7 /* Main.storyboard in Resources */,
			);
			runOnlyForDeploymentPostprocessing = 0;
		};
/* End PBXResourcesBuildPhase section */

/* Begin PBXSourcesBuildPhase section */
		045A05461D46A41F006614D7 /* Sources */ = {
			isa = PBXSourcesBuildPhase;
			buildActionMask = 2147483647;
			files = (
				045A05501D46A41F006614D7 /* ViewController.swift in Sources */,
				045A054E1D46A41F006614D7 /* AppDelegate.swift in Sources */,
				045A05601D46A574006614D7 /* Fetcher.swift in Sources */,
			);
			runOnlyForDeploymentPostprocessing = 0;
		};
/* End PBXSourcesBuildPhase section */

/* Begin PBXVariantGroup section */
		045A05511D46A41F006614D7 /* Main.storyboard */ = {
			isa = PBXVariantGroup;
			children = (
				045A05521D46A41F006614D7 /* Base */,
			);
			name = Main.storyboard;
			sourceTree = "<group>";
		};
		045A05561D46A41F006614D7 /* LaunchScreen.storyboard */ = {
			isa = PBXVariantGroup;
			children = (
				045A05571D46A41F006614D7 /* Base */,
			);
			name = LaunchScreen.storyboard;
			sourceTree = "<group>";
		};
/* End PBXVariantGroup section */

/* Begin XCBuildConfiguration section */
		045A055A1D46A41F006614D7 /* Debug */ = {
			isa = XCBuildConfiguration;
			buildSettings = {
				ALWAYS_SEARCH_USER_PATHS = NO;
				CLANG_ANALYZER_NONNULL = YES;
				CLANG_CXX_LANGUAGE_STANDARD = "gnu++0x";
				CLANG_CXX_LIBRARY = "libc++";
				CLANG_ENABLE_MODULES = YES;
				CLANG_ENABLE_OBJC_ARC = YES;
				CLANG_WARN_BOOL_CONVERSION = YES;
				CLANG_WARN_CONSTANT_CONVERSION = YES;
				CLANG_WARN_DIRECT_OBJC_ISA_USAGE = YES_ERROR;
				CLANG_WARN_EMPTY_BODY = YES;
				CLANG_WARN_ENUM_CONVERSION = YES;
				CLANG_WARN_INT_CONVERSION = YES;
				CLANG_WARN_OBJC_ROOT_CLASS = YES_ERROR;
				CLANG_WARN_UNREACHABLE_CODE = YES;
				CLANG_WARN__DUPLICATE_METHOD_MATCH = YES;
				"CODE_SIGN_IDENTITY[sdk=iphoneos*]" = "iPhone Developer";
				COPY_PHASE_STRIP = NO;
				DEBUG_INFORMATION_FORMAT = dwarf;
				ENABLE_STRICT_OBJC_MSGSEND = YES;
				ENABLE_TESTABILITY = YES;
				GCC_C_LANGUAGE_STANDARD = gnu99;
				GCC_DYNAMIC_NO_PIC = NO;
				GCC_NO_COMMON_BLOCKS = YES;
				GCC_OPTIMIZATION_LEVEL = 0;
				GCC_PREPROCESSOR_DEFINITIONS = (
					"DEBUG=1",
					"$(inherited)",
				);
				GCC_WARN_64_TO_32_BIT_CONVERSION = YES;
				GCC_WARN_ABOUT_RETURN_TYPE = YES_ERROR;
				GCC_WARN_UNDECLARED_SELECTOR = YES;
				GCC_WARN_UNINITIALIZED_AUTOS = YES_AGGRESSIVE;
				GCC_WARN_UNUSED_FUNCTION = YES;
				GCC_WARN_UNUSED_VARIABLE = YES;
				IPHONEOS_DEPLOYMENT_TARGET = 9.3;
				MTL_ENABLE_DEBUG_INFO = YES;
				ONLY_ACTIVE_ARCH = YES;
				SDKROOT = iphoneos;
				SWIFT_OPTIMIZATION_LEVEL = "-Onone";
				TARGETED_DEVICE_FAMILY = "1,2";
			};
			name = Debug;
		};
		045A055B1D46A41F006614D7 /* Release */ = {
			isa = XCBuildConfiguration;
			buildSettings = {
				ALWAYS_SEARCH_USER_PATHS = NO;
				CLANG_ANALYZER_NONNULL = YES;
				CLANG_CXX_LANGUAGE_STANDARD = "gnu++0x";
				CLANG_CXX_LIBRARY = "libc++";
				CLANG_ENABLE_MODULES = YES;
				CLANG_ENABLE_OBJC_ARC = YES;
				CLANG_WARN_BOOL_CONVERSION = YES;
				CLANG_WARN_CONSTANT_CONVERSION = YES;
				CLANG_WARN_DIRECT_OBJC_ISA_USAGE = YES_ERROR;
				CLANG_WARN_EMPTY_BODY = YES;
				CLANG_WARN_ENUM_CONVERSION = YES;
				CLANG_WARN_INT_CONVERSION = YES;
				CLANG_WARN_OBJC_ROOT_CLASS = YES_ERROR;
				CLANG_WARN_UNREACHABLE_CODE = YES;
				CLANG_WARN__DUPLICATE_METHOD_MATCH = YES;
				"CODE_SIGN_IDENTITY[sdk=iphoneos*]" = "iPhone Developer";
				COPY_PHASE_STRIP = NO;
				DEBUG_INFORMATION_FORMAT = "dwarf-with-dsym";
				ENABLE_NS_ASSERTIONS = NO;
				ENABLE_STRICT_OBJC_MSGSEND = YES;
				GCC_C_LANGUAGE_STANDARD = gnu99;
				GCC_NO_COMMON_BLOCKS = YES;
				GCC_WARN_64_TO_32_BIT_CONVERSION = YES;
				GCC_WARN_ABOUT_RETURN_TYPE = YES_ERROR;
				GCC_WARN_UNDECLARED_SELECTOR = YES;
				GCC_WARN_UNINITIALIZED_AUTOS = YES_AGGRESSIVE;
				GCC_WARN_UNUSED_FUNCTION = YES;
				GCC_WARN_UNUSED_VARIABLE = YES;
				IPHONEOS_DEPLOYMENT_TARGET = 9.3;
				MTL_ENABLE_DEBUG_INFO = NO;
				SDKROOT = iphoneos;
				TARGETED_DEVICE_FAMILY = "1,2";
				VALIDATE_PRODUCT = YES;
			};
			name = Release;
		};
		045A055D1D46A41F006614D7 /* Debug */ = {
			isa = XCBuildConfiguration;
			buildSettings = {
				ASSETCATALOG_COMPILER_APPICON_NAME = AppIcon;
				INFOPLIST_FILE = Lecture10/Info.plist;
				LD_RUNPATH_SEARCH_PATHS = "$(inherited) @executable_path/Frameworks";
				PRODUCT_BUNDLE_IDENTIFIER = com.jamilafza.Lecture10;
				PRODUCT_NAME = "$(TARGET_NAME)";
			};
			name = Debug;
		};
		045A055E1D46A41F006614D7 /* Release */ = {
			isa = XCBuildConfiguration;
			buildSettings = {
				ASSETCATALOG_COMPILER_APPICON_NAME = AppIcon;
				INFOPLIST_FILE = Lecture10/Info.plist;
				LD_RUNPATH_SEARCH_PATHS = "$(inherited) @executable_path/Frameworks";
				PRODUCT_BUNDLE_IDENTIFIER = com.jamilafza.Lecture10;
				PRODUCT_NAME = "$(TARGET_NAME)";
			};
			name = Release;
		};
/* End XCBuildConfiguration section */

/* Begin XCConfigurationList section */
		045A05451D46A41F006614D7 /* Build configuration list for PBXProject "Lecture10" */ = {
			isa = XCConfigurationList;
			buildConfigurations = (
				045A055A1D46A41F006614D7 /* Debug */,
				045A055B1D46A41F006614D7 /* Release */,
			);
			defaultConfigurationIsVisible = 0;
			defaultConfigurationName = Release;
		};
		045A055C1D46A41F006614D7 /* Build configuration list for PBXNativeTarget "Lecture10" */ = {
			isa = XCConfigurationList;
			buildConfigurations = (
				045A055D1D46A41F006614D7 /* Debug */,
				045A055E1D46A41F006614D7 /* Release */,
			);
			defaultConfigurationIsVisible = 0;
		};
/* End XCConfigurationList section */
	};
	rootObject = 045A05421D46A41F006614D7 /* Project object */;
}
